// !$*UTF8*$!
{
	archiveVersion = 1;
	classes = {};
	objectVersion = 56;
	objects = {

/* Begin PBXBuildFile section */
		A10000000000000000000001 /* XiaozhiANCSConnectorApp.swift in Sources */ = {isa = PBXBuildFile; fileRef = A10000000000000000000011 /* XiaozhiANCSConnectorApp.swift */; };
		A10000000000000000000002 /* BluetoothConnector.swift in Sources */ = {isa = PBXBuildFile; fileRef = A10000000000000000000012 /* BluetoothConnector.swift */; };
		A10000000000000000000003 /* ContentView.swift in Sources */ = {isa = PBXBuildFile; fileRef = A10000000000000000000013 /* ContentView.swift */; };
/* End PBXBuildFile section */

/* Begin PBXFileReference section */
		A10000000000000000000011 /* XiaozhiANCSConnectorApp.swift */ = {isa = PBXFileReference; lastKnownFileType = sourcecode.swift; path = XiaozhiANCSConnectorApp.swift; sourceTree = "<group>"; };
		A10000000000000000000012 /* BluetoothConnector.swift */ = {isa = PBXFileReference; lastKnownFileType = sourcecode.swift; path = BluetoothConnector.swift; sourceTree = "<group>"; };
		A10000000000000000000013 /* ContentView.swift */ = {isa = PBXFileReference; lastKnownFileType = sourcecode.swift; path = ContentView.swift; sourceTree = "<group>"; };
		A10000000000000000000014 /* Info.plist */ = {isa = PBXFileReference; lastKnownFileType = text.plist.xml; path = Info.plist; sourceTree = "<group>"; };
		A10000000000000000000015 /* XiaozhiANCSConnector.app */ = {isa = PBXFileReference; explicitFileType = wrapper.application; includeInIndex = 0; path = XiaozhiANCSConnector.app; sourceTree = BUILT_PRODUCTS_DIR; };
/* End PBXFileReference section */

/* Begin PBXFrameworksBuildPhase section */
		A10000000000000000000021 /* Frameworks */ = {isa = PBXFrameworksBuildPhase; buildActionMask = 2147483647; files = (); runOnlyForDeploymentPostprocessing = 0; };
/* End PBXFrameworksBuildPhase section */

/* Begin PBXGroup section */
		A10000000000000000000031 = {isa = PBXGroup; children = (A10000000000000000000032 /* XiaozhiANCSConnector */, A10000000000000000000033 /* Products */); sourceTree = "<group>"; };
		A10000000000000000000032 /* XiaozhiANCSConnector */ = {isa = PBXGroup; children = (A10000000000000000000011 /* XiaozhiANCSConnectorApp.swift */, A10000000000000000000012 /* BluetoothConnector.swift */, A10000000000000000000013 /* ContentView.swift */, A10000000000000000000014 /* Info.plist */); name = XiaozhiANCSConnector; sourceTree = "<group>"; };
		A10000000000000000000033 /* Products */ = {isa = PBXGroup; children = (A10000000000000000000015 /* XiaozhiANCSConnector.app */); name = Products; sourceTree = "<group>"; };
/* End PBXGroup section */

/* Begin PBXNativeTarget section */
		A10000000000000000000041 /* XiaozhiANCSConnector */ = {isa = PBXNativeTarget; buildConfigurationList = A10000000000000000000042 /* Build configuration list for PBXNativeTarget */; buildPhases = (A10000000000000000000022 /* Sources */, A10000000000000000000021 /* Frameworks */, A10000000000000000000023 /* Resources */); buildRules = (); dependencies = (); name = XiaozhiANCSConnector; productName = XiaozhiANCSConnector; productReference = A10000000000000000000015 /* XiaozhiANCSConnector.app */; productType = "com.apple.product-type.application"; };
/* End PBXNativeTarget section */

/* Begin PBXProject section */
		A10000000000000000000051 /* Project object */ = {isa = PBXProject; attributes = { BuildIndependentTargetsInParallel = 1; LastSwiftUpdateCheck = 1500; LastUpgradeCheck = 1500; TargetAttributes = { A10000000000000000000041 = { CreatedOnToolsVersion = 15.0; }; }; }; buildConfigurationList = A10000000000000000000052 /* Build configuration list for PBXProject */; compatibilityVersion = "Xcode 14.0"; developmentRegion = en; hasScannedForEncodings = 0; knownRegions = (en, Base); mainGroup = A10000000000000000000031; productRefGroup = A10000000000000000000033 /* Products */; projectDirPath = ""; projectRoot = ""; targets = (A10000000000000000000041 /* XiaozhiANCSConnector */); };
/* End PBXProject section */

/* Begin PBXResourcesBuildPhase section */
		A10000000000000000000023 /* Resources */ = {isa = PBXResourcesBuildPhase; buildActionMask = 2147483647; files = (); runOnlyForDeploymentPostprocessing = 0; };
/* End PBXResourcesBuildPhase section */

/* Begin PBXSourcesBuildPhase section */
		A10000000000000000000022 /* Sources */ = {isa = PBXSourcesBuildPhase; buildActionMask = 2147483647; files = (A10000000000000000000001 /* XiaozhiANCSConnectorApp.swift in Sources */, A10000000000000000000002 /* BluetoothConnector.swift in Sources */, A10000000000000000000003 /* ContentView.swift in Sources */); runOnlyForDeploymentPostprocessing = 0; };
/* End PBXSourcesBuildPhase section */

/* Begin XCBuildConfiguration section */
		A10000000000000000000061 /* Debug */ = {isa = XCBuildConfiguration; buildSettings = { ALWAYS_SEARCH_USER_PATHS = NO; CLANG_ENABLE_MODULES = YES; CLANG_ENABLE_OBJC_ARC = YES; CLANG_WARN_QUOTED_INCLUDE_IN_FRAMEWORK_HEADER = YES; COPY_PHASE_STRIP = NO; DEBUG_INFORMATION_FORMAT = dwarf; ENABLE_STRICT_OBJC_MSGSEND = YES; GCC_C_LANGUAGE_STANDARD = gnu17; GCC_NO_COMMON_BLOCKS = YES; GCC_WARN_64_TO_32_BIT_CONVERSION = YES; GCC_WARN_UNDECLARED_SELECTOR = YES; GCC_WARN_UNINITIALIZED_AUTOS = YES_AGGRESSIVE; GCC_WARN_UNUSED_FUNCTION = YES; IPHONEOS_DEPLOYMENT_TARGET = 16.0; MTL_FAST_MATH = YES; SDKROOT = iphoneos; SWIFT_VERSION = 5.0; }; name = Debug; };
		A10000000000000000000062 /* Release */ = {isa = XCBuildConfiguration; buildSettings = { ALWAYS_SEARCH_USER_PATHS = NO; CLANG_ENABLE_MODULES = YES; CLANG_ENABLE_OBJC_ARC = YES; COPY_PHASE_STRIP = NO; DEBUG_INFORMATION_FORMAT = "dwarf-with-dsym"; ENABLE_NS_ASSERTIONS = NO; GCC_C_LANGUAGE_STANDARD = gnu17; GCC_NO_COMMON_BLOCKS = YES; IPHONEOS_DEPLOYMENT_TARGET = 16.0; MTL_FAST_MATH = YES; SDKROOT = iphoneos; SWIFT_COMPILATION_MODE = wholemodule; SWIFT_OPTIMIZATION_LEVEL = "-O"; SWIFT_VERSION = 5.0; }; name = Release; };
		A10000000000000000000063 /* Debug */ = {isa = XCBuildConfiguration; buildSettings = { CODE_SIGN_STYLE = Automatic; DEVELOPMENT_TEAM = ""; INFOPLIST_FILE = Info.plist; PRODUCT_BUNDLE_IDENTIFIER = com.xiaozhi.ancsconnector; PRODUCT_NAME = "$(TARGET_NAME)"; SUPPORTED_PLATFORMS = "iphoneos iphonesimulator"; SWIFT_EMIT_LOC_STRINGS = YES; TARGETED_DEVICE_FAMILY = "1,2"; }; name = Debug; };
		A10000000000000000000064 /* Release */ = {isa = XCBuildConfiguration; buildSettings = { CODE_SIGN_STYLE = Automatic; DEVELOPMENT_TEAM = ""; INFOPLIST_FILE = Info.plist; PRODUCT_BUNDLE_IDENTIFIER = com.xiaozhi.ancsconnector; PRODUCT_NAME = "$(TARGET_NAME)"; SUPPORTED_PLATFORMS = "iphoneos iphonesimulator"; SWIFT_EMIT_LOC_STRINGS = YES; TARGETED_DEVICE_FAMILY = "1,2"; }; name = Release; };
/* End XCBuildConfiguration section */

/* Begin XCConfigurationList section */
		A10000000000000000000052 /* Build configuration list for PBXProject */ = {isa = XCConfigurationList; buildConfigurations = (A10000000000000000000061 /* Debug */, A10000000000000000000062 /* Release */); defaultConfigurationIsVisible = 0; defaultConfigurationName = Release; };
		A10000000000000000000042 /* Build configuration list for PBXNativeTarget */ = {isa = XCConfigurationList; buildConfigurations = (A10000000000000000000063 /* Debug */, A10000000000000000000064 /* Release */); defaultConfigurationIsVisible = 0; defaultConfigurationName = Release; };
/* End XCConfigurationList section */
	};
	rootObject = A10000000000000000000051 /* Project object */;
}
